{
  "name": "agi",
  "version": "0.1.0",
  "lockfileVersion": 3,
  "requires": true,
  "packages": {
    "": {
      "name": "agi",
      "version": "0.1.0",
      "license": "AGPL-3.0-only",
      "dependencies": {
        "grok-bot-cli": "^0.3.1"
      }
    },
    "node_modules/grok-bot-cli": {
      "version": "0.3.1",
      "resolved": "https://registry.npmjs.org/grok-bot-cli/-/grok-bot-cli-0.3.1.tgz",
      "integrity": "sha512-6PrqXjkTBP8xviJ0t4yTErDBYYilBAcWIJ3Qxzt45vMJbtMqqW2yQccrH+zKGDGiJi5ecZK2QWX6GCMjbUe7Hg==",
      "license": "MIT",
      "bin": {
        "gbot": "src/cli.js",
        "grok-bot": "src/cli.js"
      },
      "engines": {
        "node": ">=18"
      }
    }
  }
}
